
Microsoft Visual Studio Solution File, Format Version 12.00
# Visual Studio Version 17
VisualStudioVersion = 17.12.35417.141
MinimumVisualStudioVersion = 10.0.40219.1
Project("{2150E333-8FDC-42A3-9474-1A3956D46DE8}") = "Services", "Services", "{40D747CA-05C7-4DC0-8E2A-E711BE34C3D5}"
EndProject
Project("{2150E333-8FDC-42A3-9474-1A3956D46DE8}") = "Catalog", "Catalog", "{383A1C3E-D335-42CB-9089-E5B560BA78B0}"
EndProject
Project("{FAE04EC0-301F-11D3-BF4B-00C04F79EFBC}") = "Catalog.API", "src\Services\Catalog\Catalog.API\Catalog.API.csproj", "{A70ADD4F-0327-4A21-A586-002367BD922E}"
EndProject
Project("{2150E333-8FDC-42A3-9474-1A3956D46DE8}") = "BuildingBlocks", "BuildingBlocks", "{3F127DCD-CA69-467A-91B2-941384A8243E}"
EndProject
Project("{FAE04EC0-301F-11D3-BF4B-00C04F79EFBC}") = "BuildingBlocks", "src\BuildingBlocks\BuildingBlocks\BuildingBlocks.csproj", "{C4E58CA7-E2F2-460F-86B1-B17ED874CF17}"
EndProject
Project("{E53339B2-1760-4266-BCC7-CA923CBCF16C}") = "docker-compose", "docker-compose.dcproj", "{CB932C7A-2AF5-4095-A193-D448FB6843C7}"
EndProject
Project("{2150E333-8FDC-42A3-9474-1A3956D46DE8}") = "Basket", "Basket", "{02EA681E-C7D8-13C7-8484-4AC65E1B71E8}"
EndProject
Project("{FAE04EC0-301F-11D3-BF4B-00C04F79EFBC}") = "Basket.API", "src\Services\Basket\Basket.API\Basket.API.csproj", "{256C0AB0-3D11-415A-A4AE-55999C16974F}"
EndProject
Global
	GlobalSection(SolutionConfigurationPlatforms) = preSolution
		Debug|Any CPU = Debug|Any CPU
		Release|Any CPU = Release|Any CPU
	EndGlobalSection
	GlobalSection(ProjectConfigurationPlatforms) = postSolution
		{A70ADD4F-0327-4A21-A586-002367BD922E}.Debug|Any CPU.ActiveCfg = Debug|Any CPU
		{A70ADD4F-0327-4A21-A586-002367BD922E}.Debug|Any CPU.Build.0 = Debug|Any CPU
		{A70ADD4F-0327-4A21-A586-002367BD922E}.Release|Any CPU.ActiveCfg = Release|Any CPU
		{A70ADD4F-0327-4A21-A586-002367BD922E}.Release|Any CPU.Build.0 = Release|Any CPU
		{C4E58CA7-E2F2-460F-86B1-B17ED874CF17}.Debug|Any CPU.ActiveCfg = Debug|Any CPU
		{C4E58CA7-E2F2-460F-86B1-B17ED874CF17}.Debug|Any CPU.Build.0 = Debug|Any CPU
		{C4E58CA7-E2F2-460F-86B1-B17ED874CF17}.Release|Any CPU.ActiveCfg = Release|Any CPU
		{C4E58CA7-E2F2-460F-86B1-B17ED874CF17}.Release|Any CPU.Build.0 = Release|Any CPU
		{CB932C7A-2AF5-4095-A193-D448FB6843C7}.Debug|Any CPU.ActiveCfg = Debug|Any CPU
		{CB932C7A-2AF5-4095-A193-D448FB6843C7}.Debug|Any CPU.Build.0 = Debug|Any CPU
		{CB932C7A-2AF5-4095-A193-D448FB6843C7}.Release|Any CPU.ActiveCfg = Release|Any CPU
		{CB932C7A-2AF5-4095-A193-D448FB6843C7}.Release|Any CPU.Build.0 = Release|Any CPU
		{256C0AB0-3D11-415A-A4AE-55999C16974F}.Debug|Any CPU.ActiveCfg = Debug|Any CPU
		{256C0AB0-3D11-415A-A4AE-55999C16974F}.Debug|Any CPU.Build.0 = Debug|Any CPU
		{256C0AB0-3D11-415A-A4AE-55999C16974F}.Release|Any CPU.ActiveCfg = Release|Any CPU
		{256C0AB0-3D11-415A-A4AE-55999C16974F}.Release|Any CPU.Build.0 = Release|Any CPU
	EndGlobalSection
	GlobalSection(SolutionProperties) = preSolution
		HideSolutionNode = FALSE
	EndGlobalSection
	GlobalSection(NestedProjects) = preSolution
		{383A1C3E-D335-42CB-9089-E5B560BA78B0} = {40D747CA-05C7-4DC0-8E2A-E711BE34C3D5}
		{A70ADD4F-0327-4A21-A586-002367BD922E} = {383A1C3E-D335-42CB-9089-E5B560BA78B0}
		{C4E58CA7-E2F2-460F-86B1-B17ED874CF17} = {3F127DCD-CA69-467A-91B2-941384A8243E}
		{02EA681E-C7D8-13C7-8484-4AC65E1B71E8} = {40D747CA-05C7-4DC0-8E2A-E711BE34C3D5}
		{256C0AB0-3D11-415A-A4AE-55999C16974F} = {02EA681E-C7D8-13C7-8484-4AC65E1B71E8}
	EndGlobalSection
	GlobalSection(ExtensibilityGlobals) = postSolution
		SolutionGuid = {461C9CFA-BDDA-4150-8FB2-6CD9E2BDACCE}
	EndGlobalSection
EndGlobal
